{
  "version": 4,
  "terraform_version": "0.12.28",
  "serial": 51,
  "lineage": "2903aaf8-a710-9f79-4277-c8e4addb2261",
  "outputs": {
    "external_ip_addresses_docker": {
      "value": [
        "84.201.141.98",
        "84.201.153.88"
      ],
      "type": [
        "tuple",
        [
          "string",
          "string"
        ]
      ]
    },
    "internal_ip_address_app": {
      "value": [
        "10.129.0.19",
        "10.129.0.35"
      ],
      "type": [
        "tuple",
        [
          "string",
          "string"
        ]
      ]
    }
  },
  "resources": [
    {
      "mode": "managed",
      "type": "yandex_compute_instance",
      "name": "app",
      "each": "list",
      "provider": "provider.yandex",
      "instances": [
        {
          "index_key": 0,
          "schema_version": 1,
          "attributes": {
            "allow_stopping_for_update": null,
            "boot_disk": [
              {
                "auto_delete": true,
                "device_name": "epdcigbn9kej8gb1uno1",
                "disk_id": "epdcigbn9kej8gb1uno1",
                "initialize_params": [
                  {
                    "description": "",
                    "image_id": "fd8escrd6immprd4nnie",
                    "name": "",
                    "size": 10,
                    "snapshot_id": "",
                    "type": "network-hdd"
                  }
                ],
                "mode": "READ_WRITE"
              }
            ],
            "created_at": "2020-11-12T22:03:22Z",
            "description": "",
            "folder_id": "b1goa6g1vaq7972e9an1",
            "fqdn": "docker-host-1.ru-central1.internal",
            "hostname": "docker-host-1",
            "id": "epdej027qi3vbj3kaabq",
            "labels": {
              "tags": "docker-app"
            },
            "metadata": {
              "ssh-keys": "ubuntu:ssh-rsa AAAAB3NzaC1yc2EAAAADAQABAAABgQCi7IwGZ8//k2I9t0AwepbCZuZ2oLX+qZAXXLoOPiEoKBWarx9uumyHmnYMIN9BrIyTVmQ8XQsHpjE2Z0Dr8zmcqXpIgnbnNtxY4ve24VI630asaql3AZ09tv+eJ6r2E/39caE4qklPv6sVG+sJsEwvt9vwMVOr8GYw6lvpP0JfMSDwVufoARz5fxYIS2yNUoJbPG4zKONianDQLd2oKP7iWT7VyEOBoDwsRzQKfI3gyCznDLypULNdHvtBGm5Yxvh9i0ofRy5ohRhhpuK3LgDIAfJfF4pB9AL7imEDEGY9NchM+h171sClZPYF4LXNcpVbVejEQwcm9DgqJZ6qHbB16vrdLn9gbR7+YA5AmPZI8TAHv6MRc4WjjeBAGrcACU2AVA2GldiW8wZkKFbqDan3Pb6AJGxhGRfFNia7jxXNGXfTP0mqS6MZzJ4WIAT83VbHlYwVEIF2RIu6f0/RA8nrpRkzwJlkNE1MSsl1WvdxsPaT3lG3zJIvKosWZQH7U38= appuser\n"
            },
            "name": "docker-host-1",
            "network_acceleration_type": "standard",
            "network_interface": [
              {
                "index": 0,
                "ip_address": "10.129.0.19",
                "ipv4": true,
                "ipv6": false,
                "ipv6_address": "",
                "mac_address": "d0:0d:e9:80:47:d4",
                "nat": true,
                "nat_ip_address": "84.201.141.98",
                "nat_ip_version": "IPV4",
                "security_group_ids": [],
                "subnet_id": "e2liuhltqcg482aob07o"
              }
            ],
            "platform_id": "standard-v1",
            "resources": [
              {
                "core_fraction": 5,
                "cores": 2,
                "gpus": 0,
                "memory": 2
              }
            ],
            "scheduling_policy": [
              {
                "preemptible": true
              }
            ],
            "secondary_disk": [],
            "service_account_id": "",
            "status": "running",
            "timeouts": null,
            "zone": "ru-central1-b"
          },
          "private": "eyJlMmJmYjczMC1lY2FhLTExZTYtOGY4OC0zNDM2M2JjN2M0YzAiOnsiY3JlYXRlIjozMDAwMDAwMDAwMDAsImRlbGV0ZSI6MzAwMDAwMDAwMDAwLCJ1cGRhdGUiOjMwMDAwMDAwMDAwMH0sInNjaGVtYV92ZXJzaW9uIjoiMSJ9"
        },
        {
          "index_key": 1,
          "schema_version": 1,
          "attributes": {
            "allow_stopping_for_update": null,
            "boot_disk": [
              {
                "auto_delete": true,
                "device_name": "epddk4l8qofnjfim76pa",
                "disk_id": "epddk4l8qofnjfim76pa",
                "initialize_params": [
                  {
                    "description": "",
                    "image_id": "fd8escrd6immprd4nnie",
                    "name": "",
                    "size": 10,
                    "snapshot_id": "",
                    "type": "network-hdd"
                  }
                ],
                "mode": "READ_WRITE"
              }
            ],
            "created_at": "2020-11-12T22:03:23Z",
            "description": "",
            "folder_id": "b1goa6g1vaq7972e9an1",
            "fqdn": "docker-host-2.ru-central1.internal",
            "hostname": "docker-host-2",
            "id": "epd8btck5j83u5sq02ks",
            "labels": {
              "tags": "docker-app"
            },
            "metadata": {
              "ssh-keys": "ubuntu:ssh-rsa AAAAB3NzaC1yc2EAAAADAQABAAABgQCi7IwGZ8//k2I9t0AwepbCZuZ2oLX+qZAXXLoOPiEoKBWarx9uumyHmnYMIN9BrIyTVmQ8XQsHpjE2Z0Dr8zmcqXpIgnbnNtxY4ve24VI630asaql3AZ09tv+eJ6r2E/39caE4qklPv6sVG+sJsEwvt9vwMVOr8GYw6lvpP0JfMSDwVufoARz5fxYIS2yNUoJbPG4zKONianDQLd2oKP7iWT7VyEOBoDwsRzQKfI3gyCznDLypULNdHvtBGm5Yxvh9i0ofRy5ohRhhpuK3LgDIAfJfF4pB9AL7imEDEGY9NchM+h171sClZPYF4LXNcpVbVejEQwcm9DgqJZ6qHbB16vrdLn9gbR7+YA5AmPZI8TAHv6MRc4WjjeBAGrcACU2AVA2GldiW8wZkKFbqDan3Pb6AJGxhGRfFNia7jxXNGXfTP0mqS6MZzJ4WIAT83VbHlYwVEIF2RIu6f0/RA8nrpRkzwJlkNE1MSsl1WvdxsPaT3lG3zJIvKosWZQH7U38= appuser\n"
            },
            "name": "docker-host-2",
            "network_acceleration_type": "standard",
            "network_interface": [
              {
                "index": 0,
                "ip_address": "10.129.0.35",
                "ipv4": true,
                "ipv6": false,
                "ipv6_address": "",
                "mac_address": "d0:0d:85:f5:94:2c",
                "nat": true,
                "nat_ip_address": "84.201.153.88",
                "nat_ip_version": "IPV4",
                "security_group_ids": [],
                "subnet_id": "e2liuhltqcg482aob07o"
              }
            ],
            "platform_id": "standard-v1",
            "resources": [
              {
                "core_fraction": 5,
                "cores": 2,
                "gpus": 0,
                "memory": 2
              }
            ],
            "scheduling_policy": [
              {
                "preemptible": true
              }
            ],
            "secondary_disk": [],
            "service_account_id": "",
            "status": "running",
            "timeouts": null,
            "zone": "ru-central1-b"
          },
          "private": "eyJlMmJmYjczMC1lY2FhLTExZTYtOGY4OC0zNDM2M2JjN2M0YzAiOnsiY3JlYXRlIjozMDAwMDAwMDAwMDAsImRlbGV0ZSI6MzAwMDAwMDAwMDAwLCJ1cGRhdGUiOjMwMDAwMDAwMDAwMH0sInNjaGVtYV92ZXJzaW9uIjoiMSJ9"
        }
      ]
    }
  ]
}
