{
  "version": 4,
  "terraform_version": "0.12.28",
  "serial": 82,
  "lineage": "070588f1-4ba6-c8cf-2465-f5f5afa8e33b",
  "outputs": {
    "external_ip_addresses_docker-host": {
      "value": [
        "130.193.54.27"
      ],
      "type": [
        "tuple",
        [
          "string"
        ]
      ]
    },
    "internal_ip_address_docker-host": {
      "value": [
        "10.129.0.16"
      ],
      "type": [
        "tuple",
        [
          "string"
        ]
      ]
    }
  },
  "resources": [
    {
      "mode": "managed",
      "type": "yandex_compute_instance",
      "name": "docker-host",
      "each": "list",
      "provider": "provider.yandex",
      "instances": [
        {
          "index_key": 0,
          "schema_version": 1,
          "attributes": {
            "allow_stopping_for_update": null,
            "boot_disk": [
              {
                "auto_delete": true,
                "device_name": "epdqd80fl44ut8hg2qug",
                "disk_id": "epdqd80fl44ut8hg2qug",
                "initialize_params": [
                  {
                    "description": "",
                    "image_id": "fd83bj827tp2slnpp7f0",
                    "name": "",
                    "size": 50,
                    "snapshot_id": "",
                    "type": "network-hdd"
                  }
                ],
                "mode": "READ_WRITE"
              }
            ],
            "created_at": "2020-12-17T15:26:49Z",
            "description": "",
            "folder_id": "b1goa6g1vaq7972e9an1",
            "fqdn": "epdn4rft1u5eqa9or291.auto.internal",
            "hostname": "epdn4rft1u5eqa9or291",
            "id": "epdn4rft1u5eqa9or291",
            "labels": {
              "tags": "docker-host"
            },
            "metadata": {
              "ssh-keys": "ubuntu:ssh-rsa AAAAB3NzaC1yc2EAAAADAQABAAABgQCi7IwGZ8//k2I9t0AwepbCZuZ2oLX+qZAXXLoOPiEoKBWarx9uumyHmnYMIN9BrIyTVmQ8XQsHpjE2Z0Dr8zmcqXpIgnbnNtxY4ve24VI630asaql3AZ09tv+eJ6r2E/39caE4qklPv6sVG+sJsEwvt9vwMVOr8GYw6lvpP0JfMSDwVufoARz5fxYIS2yNUoJbPG4zKONianDQLd2oKP7iWT7VyEOBoDwsRzQKfI3gyCznDLypULNdHvtBGm5Yxvh9i0ofRy5ohRhhpuK3LgDIAfJfF4pB9AL7imEDEGY9NchM+h171sClZPYF4LXNcpVbVejEQwcm9DgqJZ6qHbB16vrdLn9gbR7+YA5AmPZI8TAHv6MRc4WjjeBAGrcACU2AVA2GldiW8wZkKFbqDan3Pb6AJGxhGRfFNia7jxXNGXfTP0mqS6MZzJ4WIAT83VbHlYwVEIF2RIu6f0/RA8nrpRkzwJlkNE1MSsl1WvdxsPaT3lG3zJIvKosWZQH7U38= appuser\n"
            },
            "name": "docker-host-0",
            "network_acceleration_type": "standard",
            "network_interface": [
              {
                "index": 0,
                "ip_address": "10.129.0.16",
                "ipv4": true,
                "ipv6": false,
                "ipv6_address": "",
                "mac_address": "d0:0d:17:26:df:d0",
                "nat": true,
                "nat_ip_address": "130.193.54.27",
                "nat_ip_version": "IPV4",
                "security_group_ids": [],
                "subnet_id": "e2liuhltqcg482aob07o"
              }
            ],
            "platform_id": "standard-v1",
            "resources": [
              {
                "core_fraction": 100,
                "cores": 4,
                "gpus": 0,
                "memory": 4
              }
            ],
            "scheduling_policy": [
              {
                "preemptible": true
              }
            ],
            "secondary_disk": [],
            "service_account_id": "",
            "status": "running",
            "timeouts": null,
            "zone": "ru-central1-b"
          },
          "private": "eyJlMmJmYjczMC1lY2FhLTExZTYtOGY4OC0zNDM2M2JjN2M0YzAiOnsiY3JlYXRlIjozMDAwMDAwMDAwMDAsImRlbGV0ZSI6MzAwMDAwMDAwMDAwLCJ1cGRhdGUiOjMwMDAwMDAwMDAwMH0sInNjaGVtYV92ZXJzaW9uIjoiMSJ9"
        }
      ]
    }
  ]
}
